// !$*UTF8*$!
{
	archiveVersion = 1;
	classes = {
	};
	objectVersion = 46;
	objects = {

/* Begin PBXBuildFile section */
		5600E55D1CB7EEF40030B618 /* HomeViewController.m in Sources */ = {isa = PBXBuildFile; fileRef = 5600E55C1CB7EEF40030B618 /* HomeViewController.m */; };
		562770901CDA1EF500587016 /* StatisticsViewController.m in Sources */ = {isa = PBXBuildFile; fileRef = 5627708F1CDA1EF500587016 /* StatisticsViewController.m */; };
		562770931CDA2DD000587016 /* WebViewController.m in Sources */ = {isa = PBXBuildFile; fileRef = 562770921CDA2DD000587016 /* WebViewController.m */; };
		564CC3181CCA52720077A093 /* WalkViewController.m in Sources */ = {isa = PBXBuildFile; fileRef = 564CC3171CCA52720077A093 /* WalkViewController.m */; };
		565088371CA9673700D11F29 /* main.m in Sources */ = {isa = PBXBuildFile; fileRef = 565088361CA9673700D11F29 /* main.m */; };
		5650883A1CA9673700D11F29 /* AppDelegate.m in Sources */ = {isa = PBXBuildFile; fileRef = 565088391CA9673700D11F29 /* AppDelegate.m */; };
		5650883D1CA9673700D11F29 /* ViewController.m in Sources */ = {isa = PBXBuildFile; fileRef = 5650883C1CA9673700D11F29 /* ViewController.m */; };
		565088401CA9673700D11F29 /* Main.storyboard in Resources */ = {isa = PBXBuildFile; fileRef = 5650883E1CA9673700D11F29 /* Main.storyboard */; };
		565088431CA9673700D11F29 /* ToDo.xcdatamodeld in Sources */ = {isa = PBXBuildFile; fileRef = 565088411CA9673700D11F29 /* ToDo.xcdatamodeld */; };
		565088451CA9673700D11F29 /* Assets.xcassets in Resources */ = {isa = PBXBuildFile; fileRef = 565088441CA9673700D11F29 /* Assets.xcassets */; };
		565088481CA9673700D11F29 /* LaunchScreen.storyboard in Resources */ = {isa = PBXBuildFile; fileRef = 565088461CA9673700D11F29 /* LaunchScreen.storyboard */; };
		565088551CA974D200D11F29 /* CoreLocation.framework in Frameworks */ = {isa = PBXBuildFile; fileRef = 565088541CA974D200D11F29 /* CoreLocation.framework */; };
		5688DDC21CCE43470035B1DA /* WallkthroughCollectionViewCell.m in Sources */ = {isa = PBXBuildFile; fileRef = 5688DDC11CCE43470035B1DA /* WallkthroughCollectionViewCell.m */; };
		5688DDC51CCE439B0035B1DA /* WallkthroughItem.m in Sources */ = {isa = PBXBuildFile; fileRef = 5688DDC41CCE439B0035B1DA /* WallkthroughItem.m */; };
		568ACB7D1CC117AA000855F6 /* TaskTableViewCell.m in Sources */ = {isa = PBXBuildFile; fileRef = 568ACB7C1CC117AA000855F6 /* TaskTableViewCell.m */; };
		569011CC1CBE72140053C67C /* Pad.storyboard in Resources */ = {isa = PBXBuildFile; fileRef = 569011CB1CBE72140053C67C /* Pad.storyboard */; };
		569011D31CBE74E50053C67C /* Interface.storyboard in Resources */ = {isa = PBXBuildFile; fileRef = 569011D11CBE74E50053C67C /* Interface.storyboard */; };
		569011D51CBE74E50053C67C /* Assets.xcassets in Resources */ = {isa = PBXBuildFile; fileRef = 569011D41CBE74E50053C67C /* Assets.xcassets */; };
		569011DC1CBE74E50053C67C /* ToDoWatch Extension.appex in Embed App Extensions */ = {isa = PBXBuildFile; fileRef = 569011DB1CBE74E50053C67C /* ToDoWatch Extension.appex */; settings = {ATTRIBUTES = (RemoveHeadersOnCopy, ); }; };
		569011E41CBE74E50053C67C /* InterfaceController.m in Sources */ = {isa = PBXBuildFile; fileRef = 569011E31CBE74E50053C67C /* InterfaceController.m */; };
		569011E71CBE74E50053C67C /* ExtensionDelegate.m in Sources */ = {isa = PBXBuildFile; fileRef = 569011E61CBE74E50053C67C /* ExtensionDelegate.m */; };
		569011EA1CBE74E50053C67C /* NotificationController.m in Sources */ = {isa = PBXBuildFile; fileRef = 569011E91CBE74E50053C67C /* NotificationController.m */; };
		569011EC1CBE74E50053C67C /* Assets.xcassets in Resources */ = {isa = PBXBuildFile; fileRef = 569011EB1CBE74E50053C67C /* Assets.xcassets */; };
		569011F01CBE74E50053C67C /* ToDoWatch.app in Embed Watch Content */ = {isa = PBXBuildFile; fileRef = 569011CF1CBE74E50053C67C /* ToDoWatch.app */; };
		56933E4C1CAC0611005A2E9A /* LoginViewController.m in Sources */ = {isa = PBXBuildFile; fileRef = 56933E4B1CAC0611005A2E9A /* LoginViewController.m */; };
		56933E4F1CAC08E0005A2E9A /* SignUpViewController.m in Sources */ = {isa = PBXBuildFile; fileRef = 56933E4E1CAC08E0005A2E9A /* SignUpViewController.m */; };
/* End PBXBuildFile section */

/* Begin PBXContainerItemProxy section */
		569011DD1CBE74E50053C67C /* PBXContainerItemProxy */ = {
			isa = PBXContainerItemProxy;
			containerPortal = 5650882A1CA9673700D11F29 /* Project object */;
			proxyType = 1;
			remoteGlobalIDString = 569011DA1CBE74E50053C67C;
			remoteInfo = "ToDoWatch Extension";
		};
		569011EE1CBE74E50053C67C /* PBXContainerItemProxy */ = {
			isa = PBXContainerItemProxy;
			containerPortal = 5650882A1CA9673700D11F29 /* Project object */;
			proxyType = 1;
			remoteGlobalIDString = 569011CE1CBE74E50053C67C;
			remoteInfo = ToDoWatch;
		};
/* End PBXContainerItemProxy section */

/* Begin PBXCopyFilesBuildPhase section */
		569011F41CBE74E50053C67C /* Embed App Extensions */ = {
			isa = PBXCopyFilesBuildPhase;
			buildActionMask = 2147483647;
			dstPath = "";
			dstSubfolderSpec = 13;
			files = (
				569011DC1CBE74E50053C67C /* ToDoWatch Extension.appex in Embed App Extensions */,
			);
			name = "Embed App Extensions";
			runOnlyForDeploymentPostprocessing = 0;
		};
		569011F81CBE74E50053C67C /* Embed Watch Content */ = {
			isa = PBXCopyFilesBuildPhase;
			buildActionMask = 2147483647;
			dstPath = "$(CONTENTS_FOLDER_PATH)/Watch";
			dstSubfolderSpec = 16;
			files = (
				569011F01CBE74E50053C67C /* ToDoWatch.app in Embed Watch Content */,
			);
			name = "Embed Watch Content";
			runOnlyForDeploymentPostprocessing = 0;
		};
/* End PBXCopyFilesBuildPhase section */

/* Begin PBXFileReference section */
		5600E55B1CB7EEF40030B618 /* HomeViewController.h */ = {isa = PBXFileReference; fileEncoding = 4; lastKnownFileType = sourcecode.c.h; path = HomeViewController.h; sourceTree = "<group>"; };
		5600E55C1CB7EEF40030B618 /* HomeViewController.m */ = {isa = PBXFileReference; fileEncoding = 4; lastKnownFileType = sourcecode.c.objc; path = HomeViewController.m; sourceTree = "<group>"; };
		5627708E1CDA1EF500587016 /* StatisticsViewController.h */ = {isa = PBXFileReference; fileEncoding = 4; lastKnownFileType = sourcecode.c.h; path = StatisticsViewController.h; sourceTree = "<group>"; };
		5627708F1CDA1EF500587016 /* StatisticsViewController.m */ = {isa = PBXFileReference; fileEncoding = 4; lastKnownFileType = sourcecode.c.objc; path = StatisticsViewController.m; sourceTree = "<group>"; };
		562770911CDA2DD000587016 /* WebViewController.h */ = {isa = PBXFileReference; fileEncoding = 4; lastKnownFileType = sourcecode.c.h; path = WebViewController.h; sourceTree = "<group>"; };
		562770921CDA2DD000587016 /* WebViewController.m */ = {isa = PBXFileReference; fileEncoding = 4; lastKnownFileType = sourcecode.c.objc; path = WebViewController.m; sourceTree = "<group>"; };
		562770941CDA352300587016 /* PrefixHeader.pch */ = {isa = PBXFileReference; lastKnownFileType = sourcecode.c.h; path = PrefixHeader.pch; sourceTree = "<group>"; };
		564CC3161CCA52720077A093 /* WalkViewController.h */ = {isa = PBXFileReference; fileEncoding = 4; lastKnownFileType = sourcecode.c.h; path = WalkViewController.h; sourceTree = "<group>"; };
		564CC3171CCA52720077A093 /* WalkViewController.m */ = {isa = PBXFileReference; fileEncoding = 4; lastKnownFileType = sourcecode.c.objc; path = WalkViewController.m; sourceTree = "<group>"; };
		565088321CA9673700D11F29 /* ToDo.app */ = {isa = PBXFileReference; explicitFileType = wrapper.application; includeInIndex = 0; path = ToDo.app; sourceTree = BUILT_PRODUCTS_DIR; };
		565088361CA9673700D11F29 /* main.m */ = {isa = PBXFileReference; lastKnownFileType = sourcecode.c.objc; path = main.m; sourceTree = "<group>"; };
		565088381CA9673700D11F29 /* AppDelegate.h */ = {isa = PBXFileReference; lastKnownFileType = sourcecode.c.h; path = AppDelegate.h; sourceTree = "<group>"; };
		565088391CA9673700D11F29 /* AppDelegate.m */ = {isa = PBXFileReference; lastKnownFileType = sourcecode.c.objc; path = AppDelegate.m; sourceTree = "<group>"; };
		5650883B1CA9673700D11F29 /* ViewController.h */ = {isa = PBXFileReference; lastKnownFileType = sourcecode.c.h; path = ViewController.h; sourceTree = "<group>"; };
		5650883C1CA9673700D11F29 /* ViewController.m */ = {isa = PBXFileReference; lastKnownFileType = sourcecode.c.objc; path = ViewController.m; sourceTree = "<group>"; };
		5650883F1CA9673700D11F29 /* Base */ = {isa = PBXFileReference; lastKnownFileType = file.storyboard; name = Base; path = Base.lproj/Main.storyboard; sourceTree = "<group>"; };
		565088421CA9673700D11F29 /* ToDo.xcdatamodel */ = {isa = PBXFileReference; lastKnownFileType = wrapper.xcdatamodel; path = ToDo.xcdatamodel; sourceTree = "<group>"; };
		565088441CA9673700D11F29 /* Assets.xcassets */ = {isa = PBXFileReference; lastKnownFileType = folder.assetcatalog; path = Assets.xcassets; sourceTree = "<group>"; };
		565088471CA9673700D11F29 /* Base */ = {isa = PBXFileReference; lastKnownFileType = file.storyboard; name = Base; path = Base.lproj/LaunchScreen.storyboard; sourceTree = "<group>"; };
		565088491CA9673700D11F29 /* Info.plist */ = {isa = PBXFileReference; lastKnownFileType = text.plist.xml; path = Info.plist; sourceTree = "<group>"; };
		565088541CA974D200D11F29 /* CoreLocation.framework */ = {isa = PBXFileReference; lastKnownFileType = wrapper.framework; name = CoreLocation.framework; path = System/Library/Frameworks/CoreLocation.framework; sourceTree = SDKROOT; };
		5688DDC01CCE43470035B1DA /* WallkthroughCollectionViewCell.h */ = {isa = PBXFileReference; fileEncoding = 4; lastKnownFileType = sourcecode.c.h; path = WallkthroughCollectionViewCell.h; sourceTree = "<group>"; };
		5688DDC11CCE43470035B1DA /* WallkthroughCollectionViewCell.m */ = {isa = PBXFileReference; fileEncoding = 4; lastKnownFileType = sourcecode.c.objc; path = WallkthroughCollectionViewCell.m; sourceTree = "<group>"; };
		5688DDC31CCE439B0035B1DA /* WallkthroughItem.h */ = {isa = PBXFileReference; fileEncoding = 4; lastKnownFileType = sourcecode.c.h; path = WallkthroughItem.h; sourceTree = "<group>"; };
		5688DDC41CCE439B0035B1DA /* WallkthroughItem.m */ = {isa = PBXFileReference; fileEncoding = 4; lastKnownFileType = sourcecode.c.objc; path = WallkthroughItem.m; sourceTree = "<group>"; };
		568ACB7B1CC117AA000855F6 /* TaskTableViewCell.h */ = {isa = PBXFileReference; fileEncoding = 4; lastKnownFileType = sourcecode.c.h; path = TaskTableViewCell.h; sourceTree = "<group>"; };
		568ACB7C1CC117AA000855F6 /* TaskTableViewCell.m */ = {isa = PBXFileReference; fileEncoding = 4; lastKnownFileType = sourcecode.c.objc; path = TaskTableViewCell.m; sourceTree = "<group>"; };
		568ACB7E1CC11851000855F6 /* Constants.h */ = {isa = PBXFileReference; lastKnownFileType = sourcecode.c.h; path = Constants.h; sourceTree = "<group>"; };
		569011CB1CBE72140053C67C /* Pad.storyboard */ = {isa = PBXFileReference; fileEncoding = 4; lastKnownFileType = file.storyboard; path = Pad.storyboard; sourceTree = "<group>"; };
		569011CF1CBE74E50053C67C /* ToDoWatch.app */ = {isa = PBXFileReference; explicitFileType = wrapper.application; includeInIndex = 0; path = ToDoWatch.app; sourceTree = BUILT_PRODUCTS_DIR; };
		569011D21CBE74E50053C67C /* Base */ = {isa = PBXFileReference; lastKnownFileType = file.storyboard; name = Base; path = Base.lproj/Interface.storyboard; sourceTree = "<group>"; };
		569011D41CBE74E50053C67C /* Assets.xcassets */ = {isa = PBXFileReference; lastKnownFileType = folder.assetcatalog; path = Assets.xcassets; sourceTree = "<group>"; };
		569011D61CBE74E50053C67C /* Info.plist */ = {isa = PBXFileReference; lastKnownFileType = text.plist.xml; path = Info.plist; sourceTree = "<group>"; };
		569011DB1CBE74E50053C67C /* ToDoWatch Extension.appex */ = {isa = PBXFileReference; explicitFileType = "wrapper.app-extension"; includeInIndex = 0; path = "ToDoWatch Extension.appex"; sourceTree = BUILT_PRODUCTS_DIR; };
		569011E11CBE74E50053C67C /* PushNotificationPayload.apns */ = {isa = PBXFileReference; lastKnownFileType = text; path = PushNotificationPayload.apns; sourceTree = "<group>"; };
		569011E21CBE74E50053C67C /* InterfaceController.h */ = {isa = PBXFileReference; lastKnownFileType = sourcecode.c.h; path = InterfaceController.h; sourceTree = "<group>"; };
		569011E31CBE74E50053C67C /* InterfaceController.m */ = {isa = PBXFileReference; lastKnownFileType = sourcecode.c.objc; path = InterfaceController.m; sourceTree = "<group>"; };
		569011E51CBE74E50053C67C /* ExtensionDelegate.h */ = {isa = PBXFileReference; lastKnownFileType = sourcecode.c.h; path = ExtensionDelegate.h; sourceTree = "<group>"; };
		569011E61CBE74E50053C67C /* ExtensionDelegate.m */ = {isa = PBXFileReference; lastKnownFileType = sourcecode.c.objc; path = ExtensionDelegate.m; sourceTree = "<group>"; };
		569011E81CBE74E50053C67C /* NotificationController.h */ = {isa = PBXFileReference; lastKnownFileType = sourcecode.c.h; path = NotificationController.h; sourceTree = "<group>"; };
		569011E91CBE74E50053C67C /* NotificationController.m */ = {isa = PBXFileReference; lastKnownFileType = sourcecode.c.objc; path = NotificationController.m; sourceTree = "<group>"; };
		569011EB1CBE74E50053C67C /* Assets.xcassets */ = {isa = PBXFileReference; lastKnownFileType = folder.assetcatalog; path = Assets.xcassets; sourceTree = "<group>"; };
		569011ED1CBE74E50053C67C /* Info.plist */ = {isa = PBXFileReference; lastKnownFileType = text.plist.xml; path = Info.plist; sourceTree = "<group>"; };
		56933E4A1CAC0611005A2E9A /* LoginViewController.h */ = {isa = PBXFileReference; fileEncoding = 4; lastKnownFileType = sourcecode.c.h; path = LoginViewController.h; sourceTree = "<group>"; };
		56933E4B1CAC0611005A2E9A /* LoginViewController.m */ = {isa = PBXFileReference; fileEncoding = 4; lastKnownFileType = sourcecode.c.objc; path = LoginViewController.m; sourceTree = "<group>"; };
		56933E4D1CAC08E0005A2E9A /* SignUpViewController.h */ = {isa = PBXFileReference; fileEncoding = 4; lastKnownFileType = sourcecode.c.h; path = SignUpViewController.h; sourceTree = "<group>"; };
		56933E4E1CAC08E0005A2E9A /* SignUpViewController.m */ = {isa = PBXFileReference; fileEncoding = 4; lastKnownFileType = sourcecode.c.objc; path = SignUpViewController.m; sourceTree = "<group>"; };
/* End PBXFileReference section */

/* Begin PBXFrameworksBuildPhase section */
		5650882F1CA9673700D11F29 /* Frameworks */ = {
			isa = PBXFrameworksBuildPhase;
			buildActionMask = 2147483647;
			files = (
				565088551CA974D200D11F29 /* CoreLocation.framework in Frameworks */,
			);
			runOnlyForDeploymentPostprocessing = 0;
		};
		569011D81CBE74E50053C67C /* Frameworks */ = {
			isa = PBXFrameworksBuildPhase;
			buildActionMask = 2147483647;
			files = (
			);
			runOnlyForDeploymentPostprocessing = 0;
		};
/* End PBXFrameworksBuildPhase section */

/* Begin PBXGroup section */
		565088291CA9673700D11F29 = {
			isa = PBXGroup;
			children = (
				569011CB1CBE72140053C67C /* Pad.storyboard */,
				565088341CA9673700D11F29 /* ToDo */,
				569011D01CBE74E50053C67C /* ToDoWatch */,
				569011DF1CBE74E50053C67C /* ToDoWatch Extension */,
				565088531CA96C6300D11F29 /* Frameworks */,
				565088331CA9673700D11F29 /* Products */,
			);
			sourceTree = "<group>";
		};
		565088331CA9673700D11F29 /* Products */ = {
			isa = PBXGroup;
			children = (
				565088321CA9673700D11F29 /* ToDo.app */,
				569011CF1CBE74E50053C67C /* ToDoWatch.app */,
				569011DB1CBE74E50053C67C /* ToDoWatch Extension.appex */,
			);
			name = Products;
			sourceTree = "<group>";
		};
		565088341CA9673700D11F29 /* ToDo */ = {
			isa = PBXGroup;
			children = (
				565088501CA96BF600D11F29 /* Models */,
				565088511CA96C1400D11F29 /* Views */,
				565088521CA96C2D00D11F29 /* Controllers */,
				565088351CA9673700D11F29 /* Supporting Files */,
			);
			path = ToDo;
			sourceTree = "<group>";
		};
		565088351CA9673700D11F29 /* Supporting Files */ = {
			isa = PBXGroup;
			children = (
				5650884F1CA96B5B00D11F29 /* Application Delegate */,
				565088441CA9673700D11F29 /* Assets.xcassets */,
				565088491CA9673700D11F29 /* Info.plist */,
				565088361CA9673700D11F29 /* main.m */,
				562770941CDA352300587016 /* PrefixHeader.pch */,
			);
			name = "Supporting Files";
			sourceTree = "<group>";
		};
		5650884F1CA96B5B00D11F29 /* Application Delegate */ = {
			isa = PBXGroup;
			children = (
				565088381CA9673700D11F29 /* AppDelegate.h */,
				565088391CA9673700D11F29 /* AppDelegate.m */,
			);
			name = "Application Delegate";
			sourceTree = "<group>";
		};
		565088501CA96BF600D11F29 /* Models */ = {
			isa = PBXGroup;
			children = (
				565088411CA9673700D11F29 /* ToDo.xcdatamodeld */,
			);
			name = Models;
			sourceTree = "<group>";
		};
		565088511CA96C1400D11F29 /* Views */ = {
			isa = PBXGroup;
			children = (
				5650883E1CA9673700D11F29 /* Main.storyboard */,
				565088461CA9673700D11F29 /* LaunchScreen.storyboard */,
			);
			name = Views;
			sourceTree = "<group>";
		};
		565088521CA96C2D00D11F29 /* Controllers */ = {
			isa = PBXGroup;
			children = (
				5650883B1CA9673700D11F29 /* ViewController.h */,
				5650883C1CA9673700D11F29 /* ViewController.m */,
				56933E4A1CAC0611005A2E9A /* LoginViewController.h */,
				56933E4B1CAC0611005A2E9A /* LoginViewController.m */,
				56933E4D1CAC08E0005A2E9A /* SignUpViewController.h */,
				56933E4E1CAC08E0005A2E9A /* SignUpViewController.m */,
				5600E55B1CB7EEF40030B618 /* HomeViewController.h */,
				5600E55C1CB7EEF40030B618 /* HomeViewController.m */,
				568ACB7B1CC117AA000855F6 /* TaskTableViewCell.h */,
				568ACB7C1CC117AA000855F6 /* TaskTableViewCell.m */,
				564CC3161CCA52720077A093 /* WalkViewController.h */,
				564CC3171CCA52720077A093 /* WalkViewController.m */,
				5688DDC01CCE43470035B1DA /* WallkthroughCollectionViewCell.h */,
				5688DDC11CCE43470035B1DA /* WallkthroughCollectionViewCell.m */,
				5688DDC31CCE439B0035B1DA /* WallkthroughItem.h */,
				5688DDC41CCE439B0035B1DA /* WallkthroughItem.m */,
				5627708E1CDA1EF500587016 /* StatisticsViewController.h */,
				5627708F1CDA1EF500587016 /* StatisticsViewController.m */,
				562770911CDA2DD000587016 /* WebViewController.h */,
				562770921CDA2DD000587016 /* WebViewController.m */,
				568ACB7E1CC11851000855F6 /* Constants.h */,
			);
			name = Controllers;
			sourceTree = "<group>";
		};
		565088531CA96C6300D11F29 /* Frameworks */ = {
			isa = PBXGroup;
			children = (
				565088541CA974D200D11F29 /* CoreLocation.framework */,
			);
			name = Frameworks;
			sourceTree = "<group>";
		};
		569011D01CBE74E50053C67C /* ToDoWatch */ = {
			isa = PBXGroup;
			children = (
				569011D11CBE74E50053C67C /* Interface.storyboard */,
				569011D41CBE74E50053C67C /* Assets.xcassets */,
				569011D61CBE74E50053C67C /* Info.plist */,
			);
			path = ToDoWatch;
			sourceTree = "<group>";
		};
		569011DF1CBE74E50053C67C /* ToDoWatch Extension */ = {
			isa = PBXGroup;
			children = (
				569011E21CBE74E50053C67C /* InterfaceController.h */,
				569011E31CBE74E50053C67C /* InterfaceController.m */,
				569011E51CBE74E50053C67C /* ExtensionDelegate.h */,
				569011E61CBE74E50053C67C /* ExtensionDelegate.m */,
				569011E81CBE74E50053C67C /* NotificationController.h */,
				569011E91CBE74E50053C67C /* NotificationController.m */,
				569011EB1CBE74E50053C67C /* Assets.xcassets */,
				569011ED1CBE74E50053C67C /* Info.plist */,
				569011E01CBE74E50053C67C /* Supporting Files */,
			);
			path = "ToDoWatch Extension";
			sourceTree = "<group>";
		};
		569011E01CBE74E50053C67C /* Supporting Files */ = {
			isa = PBXGroup;
			children = (
				569011E11CBE74E50053C67C /* PushNotificationPayload.apns */,
			);
			name = "Supporting Files";
			sourceTree = "<group>";
		};
/* End PBXGroup section */

/* Begin PBXNativeTarget section */
		565088311CA9673700D11F29 /* ToDo */ = {
			isa = PBXNativeTarget;
			buildConfigurationList = 5650884C1CA9673700D11F29 /* Build configuration list for PBXNativeTarget "ToDo" */;
			buildPhases = (
				5650882E1CA9673700D11F29 /* Sources */,
				5650882F1CA9673700D11F29 /* Frameworks */,
				565088301CA9673700D11F29 /* Resources */,
				569011F81CBE74E50053C67C /* Embed Watch Content */,
			);
			buildRules = (
			);
			dependencies = (
				569011EF1CBE74E50053C67C /* PBXTargetDependency */,
			);
			name = ToDo;
			productName = ToDo;
			productReference = 565088321CA9673700D11F29 /* ToDo.app */;
			productType = "com.apple.product-type.application";
		};
		569011CE1CBE74E50053C67C /* ToDoWatch */ = {
			isa = PBXNativeTarget;
			buildConfigurationList = 569011F51CBE74E50053C67C /* Build configuration list for PBXNativeTarget "ToDoWatch" */;
			buildPhases = (
				569011CD1CBE74E50053C67C /* Resources */,
				569011F41CBE74E50053C67C /* Embed App Extensions */,
			);
			buildRules = (
			);
			dependencies = (
				569011DE1CBE74E50053C67C /* PBXTargetDependency */,
			);
			name = ToDoWatch;
			productName = ToDoWatch;
			productReference = 569011CF1CBE74E50053C67C /* ToDoWatch.app */;
			productType = "com.apple.product-type.application.watchapp2";
		};
		569011DA1CBE74E50053C67C /* ToDoWatch Extension */ = {
			isa = PBXNativeTarget;
			buildConfigurationList = 569011F11CBE74E50053C67C /* Build configuration list for PBXNativeTarget "ToDoWatch Extension" */;
			buildPhases = (
				569011D71CBE74E50053C67C /* Sources */,
				569011D81CBE74E50053C67C /* Frameworks */,
				569011D91CBE74E50053C67C /* Resources */,
			);
			buildRules = (
			);
			dependencies = (
			);
			name = "ToDoWatch Extension";
			productName = "ToDoWatch Extension";
			productReference = 569011DB1CBE74E50053C67C /* ToDoWatch Extension.appex */;
			productType = "com.apple.product-type.watchkit2-extension";
		};
/* End PBXNativeTarget section */

/* Begin PBXProject section */
		5650882A1CA9673700D11F29 /* Project object */ = {
			isa = PBXProject;
			attributes = {
				LastUpgradeCheck = 0720;
				ORGANIZATIONNAME = "Cubes School 3";
				TargetAttributes = {
					565088311CA9673700D11F29 = {
						CreatedOnToolsVersion = 7.2.1;
					};
					569011CE1CBE74E50053C67C = {
						CreatedOnToolsVersion = 7.3;
					};
					569011DA1CBE74E50053C67C = {
						CreatedOnToolsVersion = 7.3;
					};
				};
			};
			buildConfigurationList = 5650882D1CA9673700D11F29 /* Build configuration list for PBXProject "ToDo" */;
			compatibilityVersion = "Xcode 3.2";
			developmentRegion = English;
			hasScannedForEncodings = 0;
			knownRegions = (
				en,
				Base,
			);
			mainGroup = 565088291CA9673700D11F29;
			productRefGroup = 565088331CA9673700D11F29 /* Products */;
			projectDirPath = "";
			projectRoot = "";
			targets = (
				565088311CA9673700D11F29 /* ToDo */,
				569011CE1CBE74E50053C67C /* ToDoWatch */,
				569011DA1CBE74E50053C67C /* ToDoWatch Extension */,
			);
		};
/* End PBXProject section */

/* Begin PBXResourcesBuildPhase section */
		565088301CA9673700D11F29 /* Resources */ = {
			isa = PBXResourcesBuildPhase;
			buildActionMask = 2147483647;
			files = (
				565088481CA9673700D11F29 /* LaunchScreen.storyboard in Resources */,
				565088451CA9673700D11F29 /* Assets.xcassets in Resources */,
				569011CC1CBE72140053C67C /* Pad.storyboard in Resources */,
				565088401CA9673700D11F29 /* Main.storyboard in Resources */,
			);
			runOnlyForDeploymentPostprocessing = 0;
		};
		569011CD1CBE74E50053C67C /* Resources */ = {
			isa = PBXResourcesBuildPhase;
			buildActionMask = 2147483647;
			files = (
				569011D51CBE74E50053C67C /* Assets.xcassets in Resources */,
				569011D31CBE74E50053C67C /* Interface.storyboard in Resources */,
			);
			runOnlyForDeploymentPostprocessing = 0;
		};
		569011D91CBE74E50053C67C /* Resources */ = {
			isa = PBXResourcesBuildPhase;
			buildActionMask = 2147483647;
			files = (
				569011EC1CBE74E50053C67C /* Assets.xcassets in Resources */,
			);
			runOnlyForDeploymentPostprocessing = 0;
		};
/* End PBXResourcesBuildPhase section */

/* Begin PBXSourcesBuildPhase section */
		5650882E1CA9673700D11F29 /* Sources */ = {
			isa = PBXSourcesBuildPhase;
			buildActionMask = 2147483647;
			files = (
				5688DDC21CCE43470035B1DA /* WallkthroughCollectionViewCell.m in Sources */,
				5650883D1CA9673700D11F29 /* ViewController.m in Sources */,
				5650883A1CA9673700D11F29 /* AppDelegate.m in Sources */,
				562770901CDA1EF500587016 /* StatisticsViewController.m in Sources */,
				56933E4F1CAC08E0005A2E9A /* SignUpViewController.m in Sources */,
				565088371CA9673700D11F29 /* main.m in Sources */,
				562770931CDA2DD000587016 /* WebViewController.m in Sources */,
				564CC3181CCA52720077A093 /* WalkViewController.m in Sources */,
				5688DDC51CCE439B0035B1DA /* WallkthroughItem.m in Sources */,
				568ACB7D1CC117AA000855F6 /* TaskTableViewCell.m in Sources */,
				565088431CA9673700D11F29 /* ToDo.xcdatamodeld in Sources */,
				5600E55D1CB7EEF40030B618 /* HomeViewController.m in Sources */,
				56933E4C1CAC0611005A2E9A /* LoginViewController.m in Sources */,
			);
			runOnlyForDeploymentPostprocessing = 0;
		};
		569011D71CBE74E50053C67C /* Sources */ = {
			isa = PBXSourcesBuildPhase;
			buildActionMask = 2147483647;
			files = (
				569011E71CBE74E50053C67C /* ExtensionDelegate.m in Sources */,
				569011E41CBE74E50053C67C /* InterfaceController.m in Sources */,
				569011EA1CBE74E50053C67C /* NotificationController.m in Sources */,
			);
			runOnlyForDeploymentPostprocessing = 0;
		};
/* End PBXSourcesBuildPhase section */

/* Begin PBXTargetDependency section */
		569011DE1CBE74E50053C67C /* PBXTargetDependency */ = {
			isa = PBXTargetDependency;
			target = 569011DA1CBE74E50053C67C /* ToDoWatch Extension */;
			targetProxy = 569011DD1CBE74E50053C67C /* PBXContainerItemProxy */;
		};
		569011EF1CBE74E50053C67C /* PBXTargetDependency */ = {
			isa = PBXTargetDependency;
			target = 569011CE1CBE74E50053C67C /* ToDoWatch */;
			targetProxy = 569011EE1CBE74E50053C67C /* PBXContainerItemProxy */;
		};
/* End PBXTargetDependency section */

/* Begin PBXVariantGroup section */
		5650883E1CA9673700D11F29 /* Main.storyboard */ = {
			isa = PBXVariantGroup;
			children = (
				5650883F1CA9673700D11F29 /* Base */,
			);
			name = Main.storyboard;
			sourceTree = "<group>";
		};
		565088461CA9673700D11F29 /* LaunchScreen.storyboard */ = {
			isa = PBXVariantGroup;
			children = (
				565088471CA9673700D11F29 /* Base */,
			);
			name = LaunchScreen.storyboard;
			sourceTree = "<group>";
		};
		569011D11CBE74E50053C67C /* Interface.storyboard */ = {
			isa = PBXVariantGroup;
			children = (
				569011D21CBE74E50053C67C /* Base */,
			);
			name = Interface.storyboard;
			sourceTree = "<group>";
		};
/* End PBXVariantGroup section */

/* Begin XCBuildConfiguration section */
		5650884A1CA9673700D11F29 /* Debug */ = {
			isa = XCBuildConfiguration;
			buildSettings = {
				ALWAYS_SEARCH_USER_PATHS = NO;
				CLANG_CXX_LANGUAGE_STANDARD = "gnu++0x";
				CLANG_CXX_LIBRARY = "libc++";
				CLANG_ENABLE_MODULES = YES;
				CLANG_ENABLE_OBJC_ARC = YES;
				CLANG_WARN_BOOL_CONVERSION = YES;
				CLANG_WARN_CONSTANT_CONVERSION = YES;
				CLANG_WARN_DIRECT_OBJC_ISA_USAGE = YES_ERROR;
				CLANG_WARN_EMPTY_BODY = YES;
				CLANG_WARN_ENUM_CONVERSION = YES;
				CLANG_WARN_INT_CONVERSION = YES;
				CLANG_WARN_OBJC_ROOT_CLASS = YES_ERROR;
				CLANG_WARN_UNREACHABLE_CODE = YES;
				CLANG_WARN__DUPLICATE_METHOD_MATCH = YES;
				"CODE_SIGN_IDENTITY[sdk=iphoneos*]" = "iPhone Developer";
				COPY_PHASE_STRIP = NO;
				DEBUG_INFORMATION_FORMAT = dwarf;
				ENABLE_STRICT_OBJC_MSGSEND = YES;
				ENABLE_TESTABILITY = YES;
				GCC_C_LANGUAGE_STANDARD = gnu99;
				GCC_DYNAMIC_NO_PIC = NO;
				GCC_NO_COMMON_BLOCKS = YES;
				GCC_OPTIMIZATION_LEVEL = 0;
				GCC_PREPROCESSOR_DEFINITIONS = (
					"DEBUG=1",
					"$(inherited)",
				);
				GCC_WARN_64_TO_32_BIT_CONVERSION = YES;
				GCC_WARN_ABOUT_RETURN_TYPE = YES_ERROR;
				GCC_WARN_UNDECLARED_SELECTOR = YES;
				GCC_WARN_UNINITIALIZED_AUTOS = YES_AGGRESSIVE;
				GCC_WARN_UNUSED_FUNCTION = YES;
				GCC_WARN_UNUSED_VARIABLE = YES;
				IPHONEOS_DEPLOYMENT_TARGET = 9.2;
				MTL_ENABLE_DEBUG_INFO = YES;
				ONLY_ACTIVE_ARCH = YES;
				SDKROOT = iphoneos;
			};
			name = Debug;
		};
		5650884B1CA9673700D11F29 /* Release */ = {
			isa = XCBuildConfiguration;
			buildSettings = {
				ALWAYS_SEARCH_USER_PATHS = NO;
				CLANG_CXX_LANGUAGE_STANDARD = "gnu++0x";
				CLANG_CXX_LIBRARY = "libc++";
				CLANG_ENABLE_MODULES = YES;
				CLANG_ENABLE_OBJC_ARC = YES;
				CLANG_WARN_BOOL_CONVERSION = YES;
				CLANG_WARN_CONSTANT_CONVERSION = YES;
				CLANG_WARN_DIRECT_OBJC_ISA_USAGE = YES_ERROR;
				CLANG_WARN_EMPTY_BODY = YES;
				CLANG_WARN_ENUM_CONVERSION = YES;
				CLANG_WARN_INT_CONVERSION = YES;
				CLANG_WARN_OBJC_ROOT_CLASS = YES_ERROR;
				CLANG_WARN_UNREACHABLE_CODE = YES;
				CLANG_WARN__DUPLICATE_METHOD_MATCH = YES;
				"CODE_SIGN_IDENTITY[sdk=iphoneos*]" = "iPhone Developer";
				COPY_PHASE_STRIP = NO;
				DEBUG_INFORMATION_FORMAT = "dwarf-with-dsym";
				ENABLE_NS_ASSERTIONS = NO;
				ENABLE_STRICT_OBJC_MSGSEND = YES;
				GCC_C_LANGUAGE_STANDARD = gnu99;
				GCC_NO_COMMON_BLOCKS = YES;
				GCC_WARN_64_TO_32_BIT_CONVERSION = YES;
				GCC_WARN_ABOUT_RETURN_TYPE = YES_ERROR;
				GCC_WARN_UNDECLARED_SELECTOR = YES;
				GCC_WARN_UNINITIALIZED_AUTOS = YES_AGGRESSIVE;
				GCC_WARN_UNUSED_FUNCTION = YES;
				GCC_WARN_UNUSED_VARIABLE = YES;
				IPHONEOS_DEPLOYMENT_TARGET = 9.2;
				MTL_ENABLE_DEBUG_INFO = NO;
				SDKROOT = iphoneos;
				VALIDATE_PRODUCT = YES;
			};
			name = Release;
		};
		5650884D1CA9673700D11F29 /* Debug */ = {
			isa = XCBuildConfiguration;
			buildSettings = {
				ASSETCATALOG_COMPILER_APPICON_NAME = AppIcon;
				ASSETCATALOG_COMPILER_LAUNCHIMAGE_NAME = "Brand Assets";
				GCC_PREFIX_HEADER = $PROJECT_NAME/PrefixHeader.pch;
				INFOPLIST_FILE = ToDo/Info.plist;
				LD_RUNPATH_SEARCH_PATHS = "$(inherited) @executable_path/Frameworks";
				PRODUCT_BUNDLE_IDENTIFIER = rs.cubes.ToDo;
				PRODUCT_NAME = "$(TARGET_NAME)";
				TARGETED_DEVICE_FAMILY = "1,2";
			};
			name = Debug;
		};
		5650884E1CA9673700D11F29 /* Release */ = {
			isa = XCBuildConfiguration;
			buildSettings = {
				ASSETCATALOG_COMPILER_APPICON_NAME = AppIcon;
				ASSETCATALOG_COMPILER_LAUNCHIMAGE_NAME = "Brand Assets";
				GCC_PREFIX_HEADER = $PROJECT_NAME/PrefixHeader.pch;
				INFOPLIST_FILE = ToDo/Info.plist;
				LD_RUNPATH_SEARCH_PATHS = "$(inherited) @executable_path/Frameworks";
				PRODUCT_BUNDLE_IDENTIFIER = rs.cubes.ToDo;
				PRODUCT_NAME = "$(TARGET_NAME)";
				TARGETED_DEVICE_FAMILY = "1,2";
			};
			name = Release;
		};
		569011F21CBE74E50053C67C /* Debug */ = {
			isa = XCBuildConfiguration;
			buildSettings = {
				CLANG_ANALYZER_NONNULL = YES;
				INFOPLIST_FILE = "ToDoWatch Extension/Info.plist";
				LD_RUNPATH_SEARCH_PATHS = "$(inherited) @executable_path/Frameworks @executable_path/../../Frameworks";
				PRODUCT_BUNDLE_IDENTIFIER = rs.cubes.ToDo.watchkitapp.watchkitextension;
				PRODUCT_NAME = "${TARGET_NAME}";
				SDKROOT = watchos;
				SKIP_INSTALL = YES;
				TARGETED_DEVICE_FAMILY = 4;
				WATCHOS_DEPLOYMENT_TARGET = 2.2;
			};
			name = Debug;
		};
		569011F31CBE74E50053C67C /* Release */ = {
			isa = XCBuildConfiguration;
			buildSettings = {
				CLANG_ANALYZER_NONNULL = YES;
				INFOPLIST_FILE = "ToDoWatch Extension/Info.plist";
				LD_RUNPATH_SEARCH_PATHS = "$(inherited) @executable_path/Frameworks @executable_path/../../Frameworks";
				PRODUCT_BUNDLE_IDENTIFIER = rs.cubes.ToDo.watchkitapp.watchkitextension;
				PRODUCT_NAME = "${TARGET_NAME}";
				SDKROOT = watchos;
				SKIP_INSTALL = YES;
				TARGETED_DEVICE_FAMILY = 4;
				WATCHOS_DEPLOYMENT_TARGET = 2.2;
			};
			name = Release;
		};
		569011F61CBE74E50053C67C /* Debug */ = {
			isa = XCBuildConfiguration;
			buildSettings = {
				ASSETCATALOG_COMPILER_APPICON_NAME = AppIcon;
				CLANG_ANALYZER_NONNULL = YES;
				IBSC_MODULE = ToDoWatch_Extension;
				INFOPLIST_FILE = ToDoWatch/Info.plist;
				PRODUCT_BUNDLE_IDENTIFIER = rs.cubes.ToDo.watchkitapp;
				PRODUCT_NAME = "$(TARGET_NAME)";
				SDKROOT = watchos;
				SKIP_INSTALL = YES;
				TARGETED_DEVICE_FAMILY = 4;
				WATCHOS_DEPLOYMENT_TARGET = 2.2;
			};
			name = Debug;
		};
		569011F71CBE74E50053C67C /* Release */ = {
			isa = XCBuildConfiguration;
			buildSettings = {
				ASSETCATALOG_COMPILER_APPICON_NAME = AppIcon;
				CLANG_ANALYZER_NONNULL = YES;
				IBSC_MODULE = ToDoWatch_Extension;
				INFOPLIST_FILE = ToDoWatch/Info.plist;
				PRODUCT_BUNDLE_IDENTIFIER = rs.cubes.ToDo.watchkitapp;
				PRODUCT_NAME = "$(TARGET_NAME)";
				SDKROOT = watchos;
				SKIP_INSTALL = YES;
				TARGETED_DEVICE_FAMILY = 4;
				WATCHOS_DEPLOYMENT_TARGET = 2.2;
			};
			name = Release;
		};
/* End XCBuildConfiguration section */

/* Begin XCConfigurationList section */
		5650882D1CA9673700D11F29 /* Build configuration list for PBXProject "ToDo" */ = {
			isa = XCConfigurationList;
			buildConfigurations = (
				5650884A1CA9673700D11F29 /* Debug */,
				5650884B1CA9673700D11F29 /* Release */,
			);
			defaultConfigurationIsVisible = 0;
			defaultConfigurationName = Release;
		};
		5650884C1CA9673700D11F29 /* Build configuration list for PBXNativeTarget "ToDo" */ = {
			isa = XCConfigurationList;
			buildConfigurations = (
				5650884D1CA9673700D11F29 /* Debug */,
				5650884E1CA9673700D11F29 /* Release */,
			);
			defaultConfigurationIsVisible = 0;
			defaultConfigurationName = Release;
		};
		569011F11CBE74E50053C67C /* Build configuration list for PBXNativeTarget "ToDoWatch Extension" */ = {
			isa = XCConfigurationList;
			buildConfigurations = (
				569011F21CBE74E50053C67C /* Debug */,
				569011F31CBE74E50053C67C /* Release */,
			);
			defaultConfigurationIsVisible = 0;
			defaultConfigurationName = Release;
		};
		569011F51CBE74E50053C67C /* Build configuration list for PBXNativeTarget "ToDoWatch" */ = {
			isa = XCConfigurationList;
			buildConfigurations = (
				569011F61CBE74E50053C67C /* Debug */,
				569011F71CBE74E50053C67C /* Release */,
			);
			defaultConfigurationIsVisible = 0;
			defaultConfigurationName = Release;
		};
/* End XCConfigurationList section */

/* Begin XCVersionGroup section */
		565088411CA9673700D11F29 /* ToDo.xcdatamodeld */ = {
			isa = XCVersionGroup;
			children = (
				565088421CA9673700D11F29 /* ToDo.xcdatamodel */,
			);
			currentVersion = 565088421CA9673700D11F29 /* ToDo.xcdatamodel */;
			path = ToDo.xcdatamodeld;
			sourceTree = "<group>";
			versionGroupType = wrapper.xcdatamodel;
		};
/* End XCVersionGroup section */
	};
	rootObject = 5650882A1CA9673700D11F29 /* Project object */;
}
