// !$*UTF8*$!
{
	archiveVersion = 1;
	classes = {
	};
	objectVersion = 46;
	objects = {

/* Begin PBXBuildFile section */
		56C6901B1D58A7890081D9A6 /* main.m in Sources */ = {isa = PBXBuildFile; fileRef = 56C6901A1D58A7890081D9A6 /* main.m */; };
		56C6901E1D58A7890081D9A6 /* AppDelegate.m in Sources */ = {isa = PBXBuildFile; fileRef = 56C6901D1D58A7890081D9A6 /* AppDelegate.m */; };
		56C690211D58A7890081D9A6 /* ViewController.m in Sources */ = {isa = PBXBuildFile; fileRef = 56C690201D58A7890081D9A6 /* ViewController.m */; };
		56C690241D58A7890081D9A6 /* Main.storyboard in Resources */ = {isa = PBXBuildFile; fileRef = 56C690221D58A7890081D9A6 /* Main.storyboard */; };
		56C690271D58A7890081D9A6 /* Test.xcdatamodeld in Sources */ = {isa = PBXBuildFile; fileRef = 56C690251D58A7890081D9A6 /* Test.xcdatamodeld */; };
		56C690291D58A7890081D9A6 /* Assets.xcassets in Resources */ = {isa = PBXBuildFile; fileRef = 56C690281D58A7890081D9A6 /* Assets.xcassets */; };
		56C6902C1D58A7890081D9A6 /* LaunchScreen.storyboard in Resources */ = {isa = PBXBuildFile; fileRef = 56C6902A1D58A7890081D9A6 /* LaunchScreen.storyboard */; };
		56C690361D58A7F00081D9A6 /* HomeViewController.m in Sources */ = {isa = PBXBuildFile; fileRef = 56C690341D58A7F00081D9A6 /* HomeViewController.m */; };
		56C690371D58A7F00081D9A6 /* HomeViewController.xib in Resources */ = {isa = PBXBuildFile; fileRef = 56C690351D58A7F00081D9A6 /* HomeViewController.xib */; };
/* End PBXBuildFile section */

/* Begin PBXFileReference section */
		56C690161D58A7890081D9A6 /* Test.app */ = {isa = PBXFileReference; explicitFileType = wrapper.application; includeInIndex = 0; path = Test.app; sourceTree = BUILT_PRODUCTS_DIR; };
		56C6901A1D58A7890081D9A6 /* main.m */ = {isa = PBXFileReference; lastKnownFileType = sourcecode.c.objc; path = main.m; sourceTree = "<group>"; };
		56C6901C1D58A7890081D9A6 /* AppDelegate.h */ = {isa = PBXFileReference; lastKnownFileType = sourcecode.c.h; path = AppDelegate.h; sourceTree = "<group>"; };
		56C6901D1D58A7890081D9A6 /* AppDelegate.m */ = {isa = PBXFileReference; lastKnownFileType = sourcecode.c.objc; path = AppDelegate.m; sourceTree = "<group>"; };
		56C6901F1D58A7890081D9A6 /* ViewController.h */ = {isa = PBXFileReference; lastKnownFileType = sourcecode.c.h; path = ViewController.h; sourceTree = "<group>"; };
		56C690201D58A7890081D9A6 /* ViewController.m */ = {isa = PBXFileReference; lastKnownFileType = sourcecode.c.objc; path = ViewController.m; sourceTree = "<group>"; };
		56C690231D58A7890081D9A6 /* Base */ = {isa = PBXFileReference; lastKnownFileType = file.storyboard; name = Base; path = Base.lproj/Main.storyboard; sourceTree = "<group>"; };
		56C690261D58A7890081D9A6 /* Test.xcdatamodel */ = {isa = PBXFileReference; lastKnownFileType = wrapper.xcdatamodel; path = Test.xcdatamodel; sourceTree = "<group>"; };
		56C690281D58A7890081D9A6 /* Assets.xcassets */ = {isa = PBXFileReference; lastKnownFileType = folder.assetcatalog; path = Assets.xcassets; sourceTree = "<group>"; };
		56C6902B1D58A7890081D9A6 /* Base */ = {isa = PBXFileReference; lastKnownFileType = file.storyboard; name = Base; path = Base.lproj/LaunchScreen.storyboard; sourceTree = "<group>"; };
		56C6902D1D58A7890081D9A6 /* Info.plist */ = {isa = PBXFileReference; lastKnownFileType = text.plist.xml; path = Info.plist; sourceTree = "<group>"; };
		56C690331D58A7F00081D9A6 /* HomeViewController.h */ = {isa = PBXFileReference; fileEncoding = 4; lastKnownFileType = sourcecode.c.h; path = HomeViewController.h; sourceTree = "<group>"; };
		56C690341D58A7F00081D9A6 /* HomeViewController.m */ = {isa = PBXFileReference; fileEncoding = 4; lastKnownFileType = sourcecode.c.objc; path = HomeViewController.m; sourceTree = "<group>"; };
		56C690351D58A7F00081D9A6 /* HomeViewController.xib */ = {isa = PBXFileReference; fileEncoding = 4; lastKnownFileType = file.xib; path = HomeViewController.xib; sourceTree = "<group>"; };
/* End PBXFileReference section */

/* Begin PBXFrameworksBuildPhase section */
		56C690131D58A7890081D9A6 /* Frameworks */ = {
			isa = PBXFrameworksBuildPhase;
			buildActionMask = 2147483647;
			files = (
			);
			runOnlyForDeploymentPostprocessing = 0;
		};
/* End PBXFrameworksBuildPhase section */

/* Begin PBXGroup section */
		56C6900D1D58A7890081D9A6 = {
			isa = PBXGroup;
			children = (
				56C690181D58A7890081D9A6 /* Test */,
				56C690171D58A7890081D9A6 /* Products */,
			);
			sourceTree = "<group>";
		};
		56C690171D58A7890081D9A6 /* Products */ = {
			isa = PBXGroup;
			children = (
				56C690161D58A7890081D9A6 /* Test.app */,
			);
			name = Products;
			sourceTree = "<group>";
		};
		56C690181D58A7890081D9A6 /* Test */ = {
			isa = PBXGroup;
			children = (
				56C6901C1D58A7890081D9A6 /* AppDelegate.h */,
				56C6901D1D58A7890081D9A6 /* AppDelegate.m */,
				56C6901F1D58A7890081D9A6 /* ViewController.h */,
				56C690201D58A7890081D9A6 /* ViewController.m */,
				56C690331D58A7F00081D9A6 /* HomeViewController.h */,
				56C690341D58A7F00081D9A6 /* HomeViewController.m */,
				56C690351D58A7F00081D9A6 /* HomeViewController.xib */,
				56C690221D58A7890081D9A6 /* Main.storyboard */,
				56C690281D58A7890081D9A6 /* Assets.xcassets */,
				56C6902A1D58A7890081D9A6 /* LaunchScreen.storyboard */,
				56C6902D1D58A7890081D9A6 /* Info.plist */,
				56C690251D58A7890081D9A6 /* Test.xcdatamodeld */,
				56C690191D58A7890081D9A6 /* Supporting Files */,
			);
			path = Test;
			sourceTree = "<group>";
		};
		56C690191D58A7890081D9A6 /* Supporting Files */ = {
			isa = PBXGroup;
			children = (
				56C6901A1D58A7890081D9A6 /* main.m */,
			);
			name = "Supporting Files";
			sourceTree = "<group>";
		};
/* End PBXGroup section */

/* Begin PBXNativeTarget section */
		56C690151D58A7890081D9A6 /* Test */ = {
			isa = PBXNativeTarget;
			buildConfigurationList = 56C690301D58A7890081D9A6 /* Build configuration list for PBXNativeTarget "Test" */;
			buildPhases = (
				56C690121D58A7890081D9A6 /* Sources */,
				56C690131D58A7890081D9A6 /* Frameworks */,
				56C690141D58A7890081D9A6 /* Resources */,
			);
			buildRules = (
			);
			dependencies = (
			);
			name = Test;
			productName = Test;
			productReference = 56C690161D58A7890081D9A6 /* Test.app */;
			productType = "com.apple.product-type.application";
		};
/* End PBXNativeTarget section */

/* Begin PBXProject section */
		56C6900E1D58A7890081D9A6 /* Project object */ = {
			isa = PBXProject;
			attributes = {
				LastUpgradeCheck = 0730;
				ORGANIZATIONNAME = "Cubes School 3";
				TargetAttributes = {
					56C690151D58A7890081D9A6 = {
						CreatedOnToolsVersion = 7.3.1;
					};
				};
			};
			buildConfigurationList = 56C690111D58A7890081D9A6 /* Build configuration list for PBXProject "Test" */;
			compatibilityVersion = "Xcode 3.2";
			developmentRegion = English;
			hasScannedForEncodings = 0;
			knownRegions = (
				en,
				Base,
			);
			mainGroup = 56C6900D1D58A7890081D9A6;
			productRefGroup = 56C690171D58A7890081D9A6 /* Products */;
			projectDirPath = "";
			projectRoot = "";
			targets = (
				56C690151D58A7890081D9A6 /* Test */,
			);
		};
/* End PBXProject section */

/* Begin PBXResourcesBuildPhase section */
		56C690141D58A7890081D9A6 /* Resources */ = {
			isa = PBXResourcesBuildPhase;
			buildActionMask = 2147483647;
			files = (
				56C6902C1D58A7890081D9A6 /* LaunchScreen.storyboard in Resources */,
				56C690291D58A7890081D9A6 /* Assets.xcassets in Resources */,
				56C690241D58A7890081D9A6 /* Main.storyboard in Resources */,
				56C690371D58A7F00081D9A6 /* HomeViewController.xib in Resources */,
			);
			runOnlyForDeploymentPostprocessing = 0;
		};
/* End PBXResourcesBuildPhase section */

/* Begin PBXSourcesBuildPhase section */
		56C690121D58A7890081D9A6 /* Sources */ = {
			isa = PBXSourcesBuildPhase;
			buildActionMask = 2147483647;
			files = (
				56C690211D58A7890081D9A6 /* ViewController.m in Sources */,
				56C690271D58A7890081D9A6 /* Test.xcdatamodeld in Sources */,
				56C6901E1D58A7890081D9A6 /* AppDelegate.m in Sources */,
				56C690361D58A7F00081D9A6 /* HomeViewController.m in Sources */,
				56C6901B1D58A7890081D9A6 /* main.m in Sources */,
			);
			runOnlyForDeploymentPostprocessing = 0;
		};
/* End PBXSourcesBuildPhase section */

/* Begin PBXVariantGroup section */
		56C690221D58A7890081D9A6 /* Main.storyboard */ = {
			isa = PBXVariantGroup;
			children = (
				56C690231D58A7890081D9A6 /* Base */,
			);
			name = Main.storyboard;
			sourceTree = "<group>";
		};
		56C6902A1D58A7890081D9A6 /* LaunchScreen.storyboard */ = {
			isa = PBXVariantGroup;
			children = (
				56C6902B1D58A7890081D9A6 /* Base */,
			);
			name = LaunchScreen.storyboard;
			sourceTree = "<group>";
		};
/* End PBXVariantGroup section */

/* Begin XCBuildConfiguration section */
		56C6902E1D58A7890081D9A6 /* Debug */ = {
			isa = XCBuildConfiguration;
			buildSettings = {
				ALWAYS_SEARCH_USER_PATHS = NO;
				CLANG_ANALYZER_NONNULL = YES;
				CLANG_CXX_LANGUAGE_STANDARD = "gnu++0x";
				CLANG_CXX_LIBRARY = "libc++";
				CLANG_ENABLE_MODULES = YES;
				CLANG_ENABLE_OBJC_ARC = YES;
				CLANG_WARN_BOOL_CONVERSION = YES;
				CLANG_WARN_CONSTANT_CONVERSION = YES;
				CLANG_WARN_DIRECT_OBJC_ISA_USAGE = YES_ERROR;
				CLANG_WARN_EMPTY_BODY = YES;
				CLANG_WARN_ENUM_CONVERSION = YES;
				CLANG_WARN_INT_CONVERSION = YES;
				CLANG_WARN_OBJC_ROOT_CLASS = YES_ERROR;
				CLANG_WARN_UNREACHABLE_CODE = YES;
				CLANG_WARN__DUPLICATE_METHOD_MATCH = YES;
				"CODE_SIGN_IDENTITY[sdk=iphoneos*]" = "iPhone Developer";
				COPY_PHASE_STRIP = NO;
				DEBUG_INFORMATION_FORMAT = dwarf;
				ENABLE_STRICT_OBJC_MSGSEND = YES;
				ENABLE_TESTABILITY = YES;
				GCC_C_LANGUAGE_STANDARD = gnu99;
				GCC_DYNAMIC_NO_PIC = NO;
				GCC_NO_COMMON_BLOCKS = YES;
				GCC_OPTIMIZATION_LEVEL = 0;
				GCC_PREPROCESSOR_DEFINITIONS = (
					"DEBUG=1",
					"$(inherited)",
				);
				GCC_WARN_64_TO_32_BIT_CONVERSION = YES;
				GCC_WARN_ABOUT_RETURN_TYPE = YES_ERROR;
				GCC_WARN_UNDECLARED_SELECTOR = YES;
				GCC_WARN_UNINITIALIZED_AUTOS = YES_AGGRESSIVE;
				GCC_WARN_UNUSED_FUNCTION = YES;
				GCC_WARN_UNUSED_VARIABLE = YES;
				IPHONEOS_DEPLOYMENT_TARGET = 9.3;
				MTL_ENABLE_DEBUG_INFO = YES;
				ONLY_ACTIVE_ARCH = YES;
				SDKROOT = iphoneos;
			};
			name = Debug;
		};
		56C6902F1D58A7890081D9A6 /* Release */ = {
			isa = XCBuildConfiguration;
			buildSettings = {
				ALWAYS_SEARCH_USER_PATHS = NO;
				CLANG_ANALYZER_NONNULL = YES;
				CLANG_CXX_LANGUAGE_STANDARD = "gnu++0x";
				CLANG_CXX_LIBRARY = "libc++";
				CLANG_ENABLE_MODULES = YES;
				CLANG_ENABLE_OBJC_ARC = YES;
				CLANG_WARN_BOOL_CONVERSION = YES;
				CLANG_WARN_CONSTANT_CONVERSION = YES;
				CLANG_WARN_DIRECT_OBJC_ISA_USAGE = YES_ERROR;
				CLANG_WARN_EMPTY_BODY = YES;
				CLANG_WARN_ENUM_CONVERSION = YES;
				CLANG_WARN_INT_CONVERSION = YES;
				CLANG_WARN_OBJC_ROOT_CLASS = YES_ERROR;
				CLANG_WARN_UNREACHABLE_CODE = YES;
				CLANG_WARN__DUPLICATE_METHOD_MATCH = YES;
				"CODE_SIGN_IDENTITY[sdk=iphoneos*]" = "iPhone Developer";
				COPY_PHASE_STRIP = NO;
				DEBUG_INFORMATION_FORMAT = "dwarf-with-dsym";
				ENABLE_NS_ASSERTIONS = NO;
				ENABLE_STRICT_OBJC_MSGSEND = YES;
				GCC_C_LANGUAGE_STANDARD = gnu99;
				GCC_NO_COMMON_BLOCKS = YES;
				GCC_WARN_64_TO_32_BIT_CONVERSION = YES;
				GCC_WARN_ABOUT_RETURN_TYPE = YES_ERROR;
				GCC_WARN_UNDECLARED_SELECTOR = YES;
				GCC_WARN_UNINITIALIZED_AUTOS = YES_AGGRESSIVE;
				GCC_WARN_UNUSED_FUNCTION = YES;
				GCC_WARN_UNUSED_VARIABLE = YES;
				IPHONEOS_DEPLOYMENT_TARGET = 9.3;
				MTL_ENABLE_DEBUG_INFO = NO;
				SDKROOT = iphoneos;
				VALIDATE_PRODUCT = YES;
			};
			name = Release;
		};
		56C690311D58A7890081D9A6 /* Debug */ = {
			isa = XCBuildConfiguration;
			buildSettings = {
				ASSETCATALOG_COMPILER_APPICON_NAME = AppIcon;
				INFOPLIST_FILE = Test/Info.plist;
				LD_RUNPATH_SEARCH_PATHS = "$(inherited) @executable_path/Frameworks";
				PRODUCT_BUNDLE_IDENTIFIER = rs.cubes.Test;
				PRODUCT_NAME = "$(TARGET_NAME)";
			};
			name = Debug;
		};
		56C690321D58A7890081D9A6 /* Release */ = {
			isa = XCBuildConfiguration;
			buildSettings = {
				ASSETCATALOG_COMPILER_APPICON_NAME = AppIcon;
				INFOPLIST_FILE = Test/Info.plist;
				LD_RUNPATH_SEARCH_PATHS = "$(inherited) @executable_path/Frameworks";
				PRODUCT_BUNDLE_IDENTIFIER = rs.cubes.Test;
				PRODUCT_NAME = "$(TARGET_NAME)";
			};
			name = Release;
		};
/* End XCBuildConfiguration section */

/* Begin XCConfigurationList section */
		56C690111D58A7890081D9A6 /* Build configuration list for PBXProject "Test" */ = {
			isa = XCConfigurationList;
			buildConfigurations = (
				56C6902E1D58A7890081D9A6 /* Debug */,
				56C6902F1D58A7890081D9A6 /* Release */,
			);
			defaultConfigurationIsVisible = 0;
			defaultConfigurationName = Release;
		};
		56C690301D58A7890081D9A6 /* Build configuration list for PBXNativeTarget "Test" */ = {
			isa = XCConfigurationList;
			buildConfigurations = (
				56C690311D58A7890081D9A6 /* Debug */,
				56C690321D58A7890081D9A6 /* Release */,
			);
			defaultConfigurationIsVisible = 0;
		};
/* End XCConfigurationList section */

/* Begin XCVersionGroup section */
		56C690251D58A7890081D9A6 /* Test.xcdatamodeld */ = {
			isa = XCVersionGroup;
			children = (
				56C690261D58A7890081D9A6 /* Test.xcdatamodel */,
			);
			currentVersion = 56C690261D58A7890081D9A6 /* Test.xcdatamodel */;
			path = Test.xcdatamodeld;
			sourceTree = "<group>";
			versionGroupType = wrapper.xcdatamodel;
		};
/* End XCVersionGroup section */
	};
	rootObject = 56C6900E1D58A7890081D9A6 /* Project object */;
}
